PODS:
  - Firebase/Auth (7.3.0):
    - Firebase/CoreOnly
    - FirebaseAuth (~> 7.3.0)
  - Firebase/CoreOnly (7.3.0):
    - FirebaseCore (= 7.3.0)
  - Firebase/Database (7.3.0):
    - Firebase/CoreOnly
    - FirebaseDatabase (~> 7.3.0)
  - Firebase/Messaging (7.3.0):
    - Firebase/CoreOnly
    - FirebaseMessaging (~> 7.3.0)
  - Firebase/Storage (7.3.0):
    - Firebase/CoreOnly
    - FirebaseStorage (~> 7.3.0)
  - firebase_auth (1.0.1):
    - Firebase/Auth (= 7.3.0)
    - firebase_core
    - Flutter
  - firebase_core (1.0.3):
    - Firebase/CoreOnly (= 7.3.0)
    - Flutter
  - firebase_database (6.1.0):
    - Firebase/Database (= 7.3.0)
    - firebase_core
    - Flutter
  - firebase_messaging (9.1.1):
    - Firebase/Messaging (= 7.3.0)
    - firebase_core
    - Flutter
  - firebase_storage (8.0.1):
    - Firebase/Storage (= 7.3.0)
    - firebase_core
    - Flutter
  - FirebaseAuth (7.3.0):
    - FirebaseCore (~> 7.0)
    - GoogleUtilities/AppDelegateSwizzler (~> 7.0)
    - GoogleUtilities/Environment (~> 7.0)
    - GTMSessionFetcher/Core (~> 1.4)
  - FirebaseCore (7.3.0):
    - FirebaseCoreDiagnostics (~> 7.0)
    - GoogleUtilities/Environment (~> 7.0)
    - GoogleUtilities/Logger (~> 7.0)
  - FirebaseCoreDiagnostics (7.9.0):
    - GoogleDataTransport (~> 8.0)
    - GoogleUtilities/Environment (~> 7.0)
    - GoogleUtilities/Logger (~> 7.0)
    - nanopb (~> 2.30907.0)
  - FirebaseDatabase (7.3.0):
    - FirebaseCore (~> 7.0)
    - leveldb-library (~> 1.22)
  - FirebaseInstallations (7.10.0):
    - FirebaseCore (~> 7.0)
    - GoogleUtilities/Environment (~> 7.0)
    - GoogleUtilities/UserDefaults (~> 7.0)
    - PromisesObjC (~> 1.2)
  - FirebaseInstanceID (7.10.0):
    - FirebaseCore (~> 7.0)
    - FirebaseInstallations (~> 7.0)
    - GoogleUtilities/Environment (~> 7.0)
    - GoogleUtilities/UserDefaults (~> 7.0)
  - FirebaseMessaging (7.3.0):
    - FirebaseCore (~> 7.0)
    - FirebaseInstanceID (~> 7.0)
    - GoogleUtilities/AppDelegateSwizzler (~> 7.0)
    - GoogleUtilities/Environment (~> 7.0)
    - GoogleUtilities/Reachability (~> 7.0)
    - GoogleUtilities/UserDefaults (~> 7.0)
  - FirebaseStorage (7.3.0):
    - FirebaseCore (~> 7.0)
    - GTMSessionFetcher/Core (~> 1.4)
  - Flutter (1.0.0)
  - GoogleDataTransport (8.3.0):
    - GoogleUtilities/Environment (~> 7.2)
    - nanopb (~> 2.30907.0)
    - PromisesObjC (~> 1.2)
  - GoogleUtilities/AppDelegateSwizzler (7.3.1):
    - GoogleUtilities/Environment
    - GoogleUtilities/Logger
    - GoogleUtilities/Network
  - GoogleUtilities/Environment (7.3.1):
    - PromisesObjC (~> 1.2)
  - GoogleUtilities/Logger (7.3.1):
    - GoogleUtilities/Environment
  - GoogleUtilities/Network (7.3.1):
    - GoogleUtilities/Logger
    - "GoogleUtilities/NSData+zlib"
    - GoogleUtilities/Reachability
  - "GoogleUtilities/NSData+zlib (7.3.1)"
  - GoogleUtilities/Reachability (7.3.1):
    - GoogleUtilities/Logger
  - GoogleUtilities/UserDefaults (7.3.1):
    - GoogleUtilities/Logger
  - GTMSessionFetcher/Core (1.5.0)
  - image_picker (0.0.1):
    - Flutter
  - leveldb-library (1.22.1)
  - maps_launcher (0.0.1):
    - Flutter
  - nanopb (2.30907.0):
    - nanopb/decode (= 2.30907.0)
    - nanopb/encode (= 2.30907.0)
  - nanopb/decode (2.30907.0)
  - nanopb/encode (2.30907.0)
  - path_provider (0.0.1):
    - Flutter
  - PromisesObjC (1.2.12)
  - url_launcher (0.0.1):
    - Flutter

DEPENDENCIES:
  - firebase_auth (from `.symlinks/plugins/firebase_auth/ios`)
  - firebase_core (from `.symlinks/plugins/firebase_core/ios`)
  - firebase_database (from `.symlinks/plugins/firebase_database/ios`)
  - firebase_messaging (from `.symlinks/plugins/firebase_messaging/ios`)
  - firebase_storage (from `.symlinks/plugins/firebase_storage/ios`)
  - Flutter (from `Flutter`)
  - image_picker (from `.symlinks/plugins/image_picker/ios`)
  - maps_launcher (from `.symlinks/plugins/maps_launcher/ios`)
  - path_provider (from `.symlinks/plugins/path_provider/ios`)
  - url_launcher (from `.symlinks/plugins/url_launcher/ios`)

SPEC REPOS:
  trunk:
    - Firebase
    - FirebaseAuth
    - FirebaseCore
    - FirebaseCoreDiagnostics
    - FirebaseDatabase
    - FirebaseInstallations
    - FirebaseInstanceID
    - FirebaseMessaging
    - FirebaseStorage
    - GoogleDataTransport
    - GoogleUtilities
    - GTMSessionFetcher
    - leveldb-library
    - nanopb
    - PromisesObjC

EXTERNAL SOURCES:
  firebase_auth:
    :path: ".symlinks/plugins/firebase_auth/ios"
  firebase_core:
    :path: ".symlinks/plugins/firebase_core/ios"
  firebase_database:
    :path: ".symlinks/plugins/firebase_database/ios"
  firebase_messaging:
    :path: ".symlinks/plugins/firebase_messaging/ios"
  firebase_storage:
    :path: ".symlinks/plugins/firebase_storage/ios"
  Flutter:
    :path: Flutter
  image_picker:
    :path: ".symlinks/plugins/image_picker/ios"
  maps_launcher:
    :path: ".symlinks/plugins/maps_launcher/ios"
  path_provider:
    :path: ".symlinks/plugins/path_provider/ios"
  url_launcher:
    :path: ".symlinks/plugins/url_launcher/ios"

SPEC CHECKSUMS:
  Firebase: 26223c695fe322633274198cb19dca8cb7e54416
  firebase_auth: 9f6491ea8e44570323361ae713a2ae3175b3f21a
  firebase_core: b5d81dfd4fb2d6f700e67de34d9a633ae325c4e9
  firebase_database: 3464f116d8bb14c7344a8c719d27e32fcd8ac5d7
  firebase_messaging: 7547c99f31466371f9cfcb733d5a1bf32a819872
  firebase_storage: 8b44822d4aa2dc43bde4b0755e00f06e76188380
  FirebaseAuth: c224a0cf1afa0949bd5c7bfcf154b4f5ce8ddef2
  FirebaseCore: 4d3c72622ce0e2106aaa07bb4b2935ba2c370972
  FirebaseCoreDiagnostics: 3d36e05da74cb8b7ce30e6594a8f201b982c725c
  FirebaseDatabase: 22199cb121a527ae59df646d61426fbb12f5627a
  FirebaseInstallations: bf2ec8dbf36ff4c91af6b9a003d15855757680c1
  FirebaseInstanceID: 5ad92c898e1328b66e8dd58811964d6fe4d334c3
  FirebaseMessaging: 68d1bcb14880189558a8ae57167abe0b7e417232
  FirebaseStorage: 5002b1895bfe74a5ce92ad54f966e6162d0da2e5
  Flutter: 434fef37c0980e73bb6479ef766c45957d4b510c
  GoogleDataTransport: b006084b73915a42c28a3466961a4edda3065da6
  GoogleUtilities: e1d9ed4e544fc32a93e00e721400cbc3f377200d
  GTMSessionFetcher: b3503b20a988c4e20cc189aa798fd18220133f52
  image_picker: 50e7c7ff960e5f58faa4d1f4af84a771c671bc4a
  leveldb-library: 50c7b45cbd7bf543c81a468fe557a16ae3db8729
  maps_launcher: eae38ee13a9c3f210fa04e04bb4c073fa4c6ed92
  nanopb: 59221d7f958fb711001e6a449489542d92ae113e
  path_provider: abfe2b5c733d04e238b0d8691db0cfd63a27a93c
  PromisesObjC: 3113f7f76903778cf4a0586bd1ab89329a0b7b97
  url_launcher: 6fef411d543ceb26efce54b05a0a40bfd74cbbef

PODFILE CHECKSUM: fe0e1ee7f3d1f7d00b11b474b62dd62134535aea

COCOAPODS: 1.10.1
